// !$*UTF8*$!
{
	archiveVersion = 1;
	classes = {
	};
	objectVersion = 46;
	objects = {

/* Begin PBXBuildFile section */
		A702732A1C336A1E0076D4C7 /* CoreTextViewController.m in Sources */ = {isa = PBXBuildFile; fileRef = A70273291C336A1E0076D4C7 /* CoreTextViewController.m */; };
		A702732E1C336A7E0076D4C7 /* CTDisplayView.m in Sources */ = {isa = PBXBuildFile; fileRef = A702732D1C336A7E0076D4C7 /* CTDisplayView.m */; };
		A70AF0F81C43A73E00AAC29B /* BlurImageViewController.m in Sources */ = {isa = PBXBuildFile; fileRef = A70AF0F71C43A73E00AAC29B /* BlurImageViewController.m */; };
		A70CF2251C21057800B04309 /* CommonFun.m in Sources */ = {isa = PBXBuildFile; fileRef = A70CF2241C21057800B04309 /* CommonFun.m */; };
		A7167BC81C31337900330C44 /* TimerTableViewController.m in Sources */ = {isa = PBXBuildFile; fileRef = A7167BC71C31337900330C44 /* TimerTableViewController.m */; };
		A72722761C1A9EB2000A2D11 /* Download.m in Sources */ = {isa = PBXBuildFile; fileRef = A727226A1C1A9EB2000A2D11 /* Download.m */; };
		A72722771C1A9EB2000A2D11 /* DownloadingManagment.m in Sources */ = {isa = PBXBuildFile; fileRef = A727226C1C1A9EB2000A2D11 /* DownloadingManagment.m */; };
		A72722781C1A9EB2000A2D11 /* DownloadManagment.m in Sources */ = {isa = PBXBuildFile; fileRef = A727226E1C1A9EB2000A2D11 /* DownloadManagment.m */; };
		A72722791C1A9EB2000A2D11 /* DownloadManagment.sqlite in Resources */ = {isa = PBXBuildFile; fileRef = A727226F1C1A9EB2000A2D11 /* DownloadManagment.sqlite */; };
		A727227A1C1A9EB2000A2D11 /* DownloadManagmentFinish.m in Sources */ = {isa = PBXBuildFile; fileRef = A72722711C1A9EB2000A2D11 /* DownloadManagmentFinish.m */; };
		A727227B1C1A9EB2000A2D11 /* SqliteManager.m in Sources */ = {isa = PBXBuildFile; fileRef = A72722731C1A9EB2000A2D11 /* SqliteManager.m */; };
		A727227C1C1A9EB2000A2D11 /* DownloadViewController.m in Sources */ = {isa = PBXBuildFile; fileRef = A72722751C1A9EB2000A2D11 /* DownloadViewController.m */; };
		A727227E1C1AD0AF000A2D11 /* libsqlite3.tbd in Frameworks */ = {isa = PBXBuildFile; fileRef = A727227D1C1AD0AF000A2D11 /* libsqlite3.tbd */; };
		A72727BC1C1128B300BF0BC0 /* LYSearchBarViewController.m in Sources */ = {isa = PBXBuildFile; fileRef = A72727BB1C1128B300BF0BC0 /* LYSearchBarViewController.m */; };
		A72727D81C1128CD00BF0BC0 /* LICENSE in Resources */ = {isa = PBXBuildFile; fileRef = A72727BE1C1128CD00BF0BC0 /* LICENSE */; };
		A72727D91C1128CD00BF0BC0 /* MASCompositeConstraint.m in Sources */ = {isa = PBXBuildFile; fileRef = A72727C11C1128CD00BF0BC0 /* MASCompositeConstraint.m */; };
		A72727DA1C1128CD00BF0BC0 /* MASConstraint.m in Sources */ = {isa = PBXBuildFile; fileRef = A72727C41C1128CD00BF0BC0 /* MASConstraint.m */; };
		A72727DB1C1128CD00BF0BC0 /* MASConstraintMaker.m in Sources */ = {isa = PBXBuildFile; fileRef = A72727C61C1128CD00BF0BC0 /* MASConstraintMaker.m */; };
		A72727DC1C1128CD00BF0BC0 /* MASLayoutConstraint.m in Sources */ = {isa = PBXBuildFile; fileRef = A72727C81C1128CD00BF0BC0 /* MASLayoutConstraint.m */; };
		A72727DD1C1128CD00BF0BC0 /* MASViewAttribute.m in Sources */ = {isa = PBXBuildFile; fileRef = A72727CC1C1128CD00BF0BC0 /* MASViewAttribute.m */; };
		A72727DE1C1128CD00BF0BC0 /* MASViewConstraint.m in Sources */ = {isa = PBXBuildFile; fileRef = A72727CE1C1128CD00BF0BC0 /* MASViewConstraint.m */; };
		A72727DF1C1128CD00BF0BC0 /* NSArray+MASAdditions.m in Sources */ = {isa = PBXBuildFile; fileRef = A72727D01C1128CD00BF0BC0 /* NSArray+MASAdditions.m */; };
		A72727E01C1128CD00BF0BC0 /* NSLayoutConstraint+MASDebugAdditions.m in Sources */ = {isa = PBXBuildFile; fileRef = A72727D31C1128CD00BF0BC0 /* NSLayoutConstraint+MASDebugAdditions.m */; };
		A72727E11C1128CD00BF0BC0 /* View+MASAdditions.m in Sources */ = {isa = PBXBuildFile; fileRef = A72727D51C1128CD00BF0BC0 /* View+MASAdditions.m */; };
		A72727E21C1128CD00BF0BC0 /* README.md in Sources */ = {isa = PBXBuildFile; fileRef = A72727D71C1128CD00BF0BC0 /* README.md */; };
		A72728401C11910900BF0BC0 /* AESCrypto.m in Sources */ = {isa = PBXBuildFile; fileRef = A727282F1C11910900BF0BC0 /* AESCrypto.m */; };
		A72728411C11910900BF0BC0 /* APIResource.bundle in Resources */ = {isa = PBXBuildFile; fileRef = A72728301C11910900BF0BC0 /* APIResource.bundle */; };
		A72728421C11910900BF0BC0 /* MYGestureCodeView.m in Sources */ = {isa = PBXBuildFile; fileRef = A72728321C11910900BF0BC0 /* MYGestureCodeView.m */; };
		A72728431C11910900BF0BC0 /* MYGestureTipView.m in Sources */ = {isa = PBXBuildFile; fileRef = A72728341C11910900BF0BC0 /* MYGestureTipView.m */; };
		A72728441C11910900BF0BC0 /* MYGestureUnlockViewController.m in Sources */ = {isa = PBXBuildFile; fileRef = A72728361C11910900BF0BC0 /* MYGestureUnlockViewController.m */; };
		A72728451C11910900BF0BC0 /* MYPlatformAPI.m in Sources */ = {isa = PBXBuildFile; fileRef = A72728381C11910900BF0BC0 /* MYPlatformAPI.m */; };
		A72728461C11910900BF0BC0 /* MYPlatformAppDelegate.m in Sources */ = {isa = PBXBuildFile; fileRef = A727283B1C11910900BF0BC0 /* MYPlatformAppDelegate.m */; };
		A72728471C11910900BF0BC0 /* MYPlatformObject.m in Sources */ = {isa = PBXBuildFile; fileRef = A727283D1C11910900BF0BC0 /* MYPlatformObject.m */; };
		A72728481C11910900BF0BC0 /* MYPlatformPrivateAPI.m in Sources */ = {isa = PBXBuildFile; fileRef = A727283F1C11910900BF0BC0 /* MYPlatformPrivateAPI.m */; };
		A727284B1C11924C00BF0BC0 /* LYGestureCodeViewController.m in Sources */ = {isa = PBXBuildFile; fileRef = A727284A1C11924C00BF0BC0 /* LYGestureCodeViewController.m */; };
		A73EAC121C3A18D500245A8C /* AnimationHomeViewController.m in Sources */ = {isa = PBXBuildFile; fileRef = A73EAC111C3A18D500245A8C /* AnimationHomeViewController.m */; };
		A76EE6BC1C0E9C7E00CE53F6 /* LYAdView.m in Sources */ = {isa = PBXBuildFile; fileRef = A76EE6BB1C0E9C7E00CE53F6 /* LYAdView.m */; };
		A76EE6BF1C0E9CC600CE53F6 /* AdScollViewController.m in Sources */ = {isa = PBXBuildFile; fileRef = A76EE6BE1C0E9CC600CE53F6 /* AdScollViewController.m */; };
		A76EE6E31C0E9DED00CE53F6 /* MKAnnotationView+WebCache.m in Sources */ = {isa = PBXBuildFile; fileRef = A76EE6C31C0E9DED00CE53F6 /* MKAnnotationView+WebCache.m */; };
		A76EE6E41C0E9DED00CE53F6 /* NSData+ImageContentType.m in Sources */ = {isa = PBXBuildFile; fileRef = A76EE6C51C0E9DED00CE53F6 /* NSData+ImageContentType.m */; };
		A76EE6E51C0E9DED00CE53F6 /* SDImageCache.m in Sources */ = {isa = PBXBuildFile; fileRef = A76EE6C71C0E9DED00CE53F6 /* SDImageCache.m */; };
		A76EE6E61C0E9DED00CE53F6 /* SDWebImageCompat.m in Sources */ = {isa = PBXBuildFile; fileRef = A76EE6C91C0E9DED00CE53F6 /* SDWebImageCompat.m */; };
		A76EE6E71C0E9DED00CE53F6 /* SDWebImageDecoder.m in Sources */ = {isa = PBXBuildFile; fileRef = A76EE6CB1C0E9DED00CE53F6 /* SDWebImageDecoder.m */; };
		A76EE6E81C0E9DED00CE53F6 /* SDWebImageDownloader.m in Sources */ = {isa = PBXBuildFile; fileRef = A76EE6CD1C0E9DED00CE53F6 /* SDWebImageDownloader.m */; };
		A76EE6E91C0E9DED00CE53F6 /* SDWebImageDownloaderOperation.m in Sources */ = {isa = PBXBuildFile; fileRef = A76EE6CF1C0E9DED00CE53F6 /* SDWebImageDownloaderOperation.m */; };
		A76EE6EA1C0E9DED00CE53F6 /* SDWebImageManager.m in Sources */ = {isa = PBXBuildFile; fileRef = A76EE6D11C0E9DED00CE53F6 /* SDWebImageManager.m */; };
		A76EE6EB1C0E9DED00CE53F6 /* SDWebImagePrefetcher.m in Sources */ = {isa = PBXBuildFile; fileRef = A76EE6D41C0E9DED00CE53F6 /* SDWebImagePrefetcher.m */; };
		A76EE6EC1C0E9DED00CE53F6 /* UIButton+WebCache.m in Sources */ = {isa = PBXBuildFile; fileRef = A76EE6D61C0E9DED00CE53F6 /* UIButton+WebCache.m */; };
		A76EE6ED1C0E9DED00CE53F6 /* UIImage+GIF.m in Sources */ = {isa = PBXBuildFile; fileRef = A76EE6D81C0E9DED00CE53F6 /* UIImage+GIF.m */; };
		A76EE6EE1C0E9DED00CE53F6 /* UIImage+MultiFormat.m in Sources */ = {isa = PBXBuildFile; fileRef = A76EE6DA1C0E9DED00CE53F6 /* UIImage+MultiFormat.m */; };
		A76EE6EF1C0E9DED00CE53F6 /* UIImage+WebP.m in Sources */ = {isa = PBXBuildFile; fileRef = A76EE6DC1C0E9DED00CE53F6 /* UIImage+WebP.m */; };
		A76EE6F01C0E9DED00CE53F6 /* UIImageView+HighlightedWebCache.m in Sources */ = {isa = PBXBuildFile; fileRef = A76EE6DE1C0E9DED00CE53F6 /* UIImageView+HighlightedWebCache.m */; };
		A76EE6F11C0E9DED00CE53F6 /* UIImageView+WebCache.m in Sources */ = {isa = PBXBuildFile; fileRef = A76EE6E01C0E9DED00CE53F6 /* UIImageView+WebCache.m */; };
		A76EE6F21C0E9DED00CE53F6 /* UIView+WebCacheOperation.m in Sources */ = {isa = PBXBuildFile; fileRef = A76EE6E21C0E9DED00CE53F6 /* UIView+WebCacheOperation.m */; };
		A7E3BF9F1C35266500279758 /* RunTimeMessageViewController.m in Sources */ = {isa = PBXBuildFile; fileRef = A7E3BF9E1C35266500279758 /* RunTimeMessageViewController.m */; };
		A7E3BFA31C35268C00279758 /* DisplayView.m in Sources */ = {isa = PBXBuildFile; fileRef = A7E3BFA21C35268C00279758 /* DisplayView.m */; };
		A7E3BFA61C35269B00279758 /* DisplayView2.m in Sources */ = {isa = PBXBuildFile; fileRef = A7E3BFA51C35269B00279758 /* DisplayView2.m */; };
		A7E474FB1BF5801F00C88A3F /* ChartViewDataSource.m in Sources */ = {isa = PBXBuildFile; fileRef = A7E474FA1BF5801F00C88A3F /* ChartViewDataSource.m */; };
		A7EA401B1BF46059009E07E6 /* main.m in Sources */ = {isa = PBXBuildFile; fileRef = A7EA401A1BF46059009E07E6 /* main.m */; };
		A7EA401E1BF46059009E07E6 /* AppDelegate.m in Sources */ = {isa = PBXBuildFile; fileRef = A7EA401D1BF46059009E07E6 /* AppDelegate.m */; };
		A7EA40211BF46059009E07E6 /* ViewController.m in Sources */ = {isa = PBXBuildFile; fileRef = A7EA40201BF46059009E07E6 /* ViewController.m */; };
		A7EA40261BF46059009E07E6 /* Assets.xcassets in Resources */ = {isa = PBXBuildFile; fileRef = A7EA40251BF46059009E07E6 /* Assets.xcassets */; };
		A7EA40341BF46059009E07E6 /* DemoListTests.m in Sources */ = {isa = PBXBuildFile; fileRef = A7EA40331BF46059009E07E6 /* DemoListTests.m */; };
		A7EA403F1BF46059009E07E6 /* DemoListUITests.m in Sources */ = {isa = PBXBuildFile; fileRef = A7EA403E1BF46059009E07E6 /* DemoListUITests.m */; };
		A7EA40501BF46305009E07E6 /* ChatViewViewController.m in Sources */ = {isa = PBXBuildFile; fileRef = A7EA404F1BF46305009E07E6 /* ChatViewViewController.m */; };
		A7EA40751BF48186009E07E6 /* ChartCanvasView.m in Sources */ = {isa = PBXBuildFile; fileRef = A7EA40721BF48186009E07E6 /* ChartCanvasView.m */; };
		A7EA40761BF48186009E07E6 /* LineChartView.m in Sources */ = {isa = PBXBuildFile; fileRef = A7EA40741BF48186009E07E6 /* LineChartView.m */; };
/* End PBXBuildFile section */

/* Begin PBXContainerItemProxy section */
		A7EA40301BF46059009E07E6 /* PBXContainerItemProxy */ = {
			isa = PBXContainerItemProxy;
			containerPortal = A7EA400E1BF46058009E07E6 /* Project object */;
			proxyType = 1;
			remoteGlobalIDString = A7EA40151BF46058009E07E6;
			remoteInfo = DemoList;
		};
		A7EA403B1BF46059009E07E6 /* PBXContainerItemProxy */ = {
			isa = PBXContainerItemProxy;
			containerPortal = A7EA400E1BF46058009E07E6 /* Project object */;
			proxyType = 1;
			remoteGlobalIDString = A7EA40151BF46058009E07E6;
			remoteInfo = DemoList;
		};
/* End PBXContainerItemProxy section */

/* Begin PBXFileReference section */
		A70273281C336A1E0076D4C7 /* CoreTextViewController.h */ = {isa = PBXFileReference; fileEncoding = 4; lastKnownFileType = sourcecode.c.h; path = CoreTextViewController.h; sourceTree = "<group>"; };
		A70273291C336A1E0076D4C7 /* CoreTextViewController.m */ = {isa = PBXFileReference; fileEncoding = 4; lastKnownFileType = sourcecode.c.objc; path = CoreTextViewController.m; sourceTree = "<group>"; };
		A702732C1C336A7E0076D4C7 /* CTDisplayView.h */ = {isa = PBXFileReference; fileEncoding = 4; lastKnownFileType = sourcecode.c.h; path = CTDisplayView.h; sourceTree = "<group>"; };
		A702732D1C336A7E0076D4C7 /* CTDisplayView.m */ = {isa = PBXFileReference; fileEncoding = 4; lastKnownFileType = sourcecode.c.objc; path = CTDisplayView.m; sourceTree = "<group>"; };
		A70AF0F61C43A73E00AAC29B /* BlurImageViewController.h */ = {isa = PBXFileReference; fileEncoding = 4; lastKnownFileType = sourcecode.c.h; path = BlurImageViewController.h; sourceTree = "<group>"; };
		A70AF0F71C43A73E00AAC29B /* BlurImageViewController.m */ = {isa = PBXFileReference; fileEncoding = 4; lastKnownFileType = sourcecode.c.objc; path = BlurImageViewController.m; sourceTree = "<group>"; };
		A70CF2231C21057800B04309 /* CommonFun.h */ = {isa = PBXFileReference; fileEncoding = 4; lastKnownFileType = sourcecode.c.h; path = CommonFun.h; sourceTree = "<group>"; };
		A70CF2241C21057800B04309 /* CommonFun.m */ = {isa = PBXFileReference; fileEncoding = 4; lastKnownFileType = sourcecode.c.objc; path = CommonFun.m; sourceTree = "<group>"; };
		A7167BC61C31337900330C44 /* TimerTableViewController.h */ = {isa = PBXFileReference; fileEncoding = 4; lastKnownFileType = sourcecode.c.h; path = TimerTableViewController.h; sourceTree = "<group>"; };
		A7167BC71C31337900330C44 /* TimerTableViewController.m */ = {isa = PBXFileReference; fileEncoding = 4; lastKnownFileType = sourcecode.c.objc; path = TimerTableViewController.m; sourceTree = "<group>"; };
		A72722691C1A9EB2000A2D11 /* Download.h */ = {isa = PBXFileReference; fileEncoding = 4; lastKnownFileType = sourcecode.c.h; path = Download.h; sourceTree = "<group>"; };
		A727226A1C1A9EB2000A2D11 /* Download.m */ = {isa = PBXFileReference; fileEncoding = 4; lastKnownFileType = sourcecode.c.objc; path = Download.m; sourceTree = "<group>"; };
		A727226B1C1A9EB2000A2D11 /* DownloadingManagment.h */ = {isa = PBXFileReference; fileEncoding = 4; lastKnownFileType = sourcecode.c.h; path = DownloadingManagment.h; sourceTree = "<group>"; };
		A727226C1C1A9EB2000A2D11 /* DownloadingManagment.m */ = {isa = PBXFileReference; fileEncoding = 4; lastKnownFileType = sourcecode.c.objc; path = DownloadingManagment.m; sourceTree = "<group>"; };
		A727226D1C1A9EB2000A2D11 /* DownloadManagment.h */ = {isa = PBXFileReference; fileEncoding = 4; lastKnownFileType = sourcecode.c.h; path = DownloadManagment.h; sourceTree = "<group>"; };
		A727226E1C1A9EB2000A2D11 /* DownloadManagment.m */ = {isa = PBXFileReference; fileEncoding = 4; lastKnownFileType = sourcecode.c.objc; path = DownloadManagment.m; sourceTree = "<group>"; };
		A727226F1C1A9EB2000A2D11 /* DownloadManagment.sqlite */ = {isa = PBXFileReference; lastKnownFileType = file; path = DownloadManagment.sqlite; sourceTree = "<group>"; };
		A72722701C1A9EB2000A2D11 /* DownloadManagmentFinish.h */ = {isa = PBXFileReference; fileEncoding = 4; lastKnownFileType = sourcecode.c.h; path = DownloadManagmentFinish.h; sourceTree = "<group>"; };
		A72722711C1A9EB2000A2D11 /* DownloadManagmentFinish.m */ = {isa = PBXFileReference; fileEncoding = 4; lastKnownFileType = sourcecode.c.objc; path = DownloadManagmentFinish.m; sourceTree = "<group>"; };
		A72722721C1A9EB2000A2D11 /* SqliteManager.h */ = {isa = PBXFileReference; fileEncoding = 4; lastKnownFileType = sourcecode.c.h; path = SqliteManager.h; sourceTree = "<group>"; };
		A72722731C1A9EB2000A2D11 /* SqliteManager.m */ = {isa = PBXFileReference; fileEncoding = 4; lastKnownFileType = sourcecode.c.objc; path = SqliteManager.m; sourceTree = "<group>"; };
		A72722741C1A9EB2000A2D11 /* DownloadViewController.h */ = {isa = PBXFileReference; fileEncoding = 4; lastKnownFileType = sourcecode.c.h; path = DownloadViewController.h; sourceTree = "<group>"; };
		A72722751C1A9EB2000A2D11 /* DownloadViewController.m */ = {isa = PBXFileReference; fileEncoding = 4; lastKnownFileType = sourcecode.c.objc; path = DownloadViewController.m; sourceTree = "<group>"; };
		A727227D1C1AD0AF000A2D11 /* libsqlite3.tbd */ = {isa = PBXFileReference; lastKnownFileType = "sourcecode.text-based-dylib-definition"; name = libsqlite3.tbd; path = usr/lib/libsqlite3.tbd; sourceTree = SDKROOT; };
		A72727BA1C1128B300BF0BC0 /* LYSearchBarViewController.h */ = {isa = PBXFileReference; fileEncoding = 4; lastKnownFileType = sourcecode.c.h; path = LYSearchBarViewController.h; sourceTree = "<group>"; };
		A72727BB1C1128B300BF0BC0 /* LYSearchBarViewController.m */ = {isa = PBXFileReference; fileEncoding = 4; lastKnownFileType = sourcecode.c.objc; path = LYSearchBarViewController.m; sourceTree = "<group>"; };
		A72727BE1C1128CD00BF0BC0 /* LICENSE */ = {isa = PBXFileReference; fileEncoding = 4; lastKnownFileType = text; path = LICENSE; sourceTree = "<group>"; };
		A72727C01C1128CD00BF0BC0 /* MASCompositeConstraint.h */ = {isa = PBXFileReference; fileEncoding = 4; lastKnownFileType = sourcecode.c.h; path = MASCompositeConstraint.h; sourceTree = "<group>"; };
		A72727C11C1128CD00BF0BC0 /* MASCompositeConstraint.m */ = {isa = PBXFileReference; fileEncoding = 4; lastKnownFileType = sourcecode.c.objc; path = MASCompositeConstraint.m; sourceTree = "<group>"; };
		A72727C21C1128CD00BF0BC0 /* MASConstraint+Private.h */ = {isa = PBXFileReference; fileEncoding = 4; lastKnownFileType = sourcecode.c.h; path = "MASConstraint+Private.h"; sourceTree = "<group>"; };
		A72727C31C1128CD00BF0BC0 /* MASConstraint.h */ = {isa = PBXFileReference; fileEncoding = 4; lastKnownFileType = sourcecode.c.h; path = MASConstraint.h; sourceTree = "<group>"; };
		A72727C41C1128CD00BF0BC0 /* MASConstraint.m */ = {isa = PBXFileReference; fileEncoding = 4; lastKnownFileType = sourcecode.c.objc; path = MASConstraint.m; sourceTree = "<group>"; };
		A72727C51C1128CD00BF0BC0 /* MASConstraintMaker.h */ = {isa = PBXFileReference; fileEncoding = 4; lastKnownFileType = sourcecode.c.h; path = MASConstraintMaker.h; sourceTree = "<group>"; };
		A72727C61C1128CD00BF0BC0 /* MASConstraintMaker.m */ = {isa = PBXFileReference; fileEncoding = 4; lastKnownFileType = sourcecode.c.objc; path = MASConstraintMaker.m; sourceTree = "<group>"; };
		A72727C71C1128CD00BF0BC0 /* MASLayoutConstraint.h */ = {isa = PBXFileReference; fileEncoding = 4; lastKnownFileType = sourcecode.c.h; path = MASLayoutConstraint.h; sourceTree = "<group>"; };
		A72727C81C1128CD00BF0BC0 /* MASLayoutConstraint.m */ = {isa = PBXFileReference; fileEncoding = 4; lastKnownFileType = sourcecode.c.objc; path = MASLayoutConstraint.m; sourceTree = "<group>"; };
		A72727C91C1128CD00BF0BC0 /* Masonry.h */ = {isa = PBXFileReference; fileEncoding = 4; lastKnownFileType = sourcecode.c.h; path = Masonry.h; sourceTree = "<group>"; };
		A72727CA1C1128CD00BF0BC0 /* MASUtilities.h */ = {isa = PBXFileReference; fileEncoding = 4; lastKnownFileType = sourcecode.c.h; path = MASUtilities.h; sourceTree = "<group>"; };
		A72727CB1C1128CD00BF0BC0 /* MASViewAttribute.h */ = {isa = PBXFileReference; fileEncoding = 4; lastKnownFileType = sourcecode.c.h; path = MASViewAttribute.h; sourceTree = "<group>"; };
		A72727CC1C1128CD00BF0BC0 /* MASViewAttribute.m */ = {isa = PBXFileReference; fileEncoding = 4; lastKnownFileType = sourcecode.c.objc; path = MASViewAttribute.m; sourceTree = "<group>"; };
		A72727CD1C1128CD00BF0BC0 /* MASViewConstraint.h */ = {isa = PBXFileReference; fileEncoding = 4; lastKnownFileType = sourcecode.c.h; path = MASViewConstraint.h; sourceTree = "<group>"; };
		A72727CE1C1128CD00BF0BC0 /* MASViewConstraint.m */ = {isa = PBXFileReference; fileEncoding = 4; lastKnownFileType = sourcecode.c.objc; path = MASViewConstraint.m; sourceTree = "<group>"; };
		A72727CF1C1128CD00BF0BC0 /* NSArray+MASAdditions.h */ = {isa = PBXFileReference; fileEncoding = 4; lastKnownFileType = sourcecode.c.h; path = "NSArray+MASAdditions.h"; sourceTree = "<group>"; };
		A72727D01C1128CD00BF0BC0 /* NSArray+MASAdditions.m */ = {isa = PBXFileReference; fileEncoding = 4; lastKnownFileType = sourcecode.c.objc; path = "NSArray+MASAdditions.m"; sourceTree = "<group>"; };
		A72727D11C1128CD00BF0BC0 /* NSArray+MASShorthandAdditions.h */ = {isa = PBXFileReference; fileEncoding = 4; lastKnownFileType = sourcecode.c.h; path = "NSArray+MASShorthandAdditions.h"; sourceTree = "<group>"; };
		A72727D21C1128CD00BF0BC0 /* NSLayoutConstraint+MASDebugAdditions.h */ = {isa = PBXFileReference; fileEncoding = 4; lastKnownFileType = sourcecode.c.h; path = "NSLayoutConstraint+MASDebugAdditions.h"; sourceTree = "<group>"; };
		A72727D31C1128CD00BF0BC0 /* NSLayoutConstraint+MASDebugAdditions.m */ = {isa = PBXFileReference; fileEncoding = 4; lastKnownFileType = sourcecode.c.objc; path = "NSLayoutConstraint+MASDebugAdditions.m"; sourceTree = "<group>"; };
		A72727D41C1128CD00BF0BC0 /* View+MASAdditions.h */ = {isa = PBXFileReference; fileEncoding = 4; lastKnownFileType = sourcecode.c.h; path = "View+MASAdditions.h"; sourceTree = "<group>"; };
		A72727D51C1128CD00BF0BC0 /* View+MASAdditions.m */ = {isa = PBXFileReference; fileEncoding = 4; lastKnownFileType = sourcecode.c.objc; path = "View+MASAdditions.m"; sourceTree = "<group>"; };
		A72727D61C1128CD00BF0BC0 /* View+MASShorthandAdditions.h */ = {isa = PBXFileReference; fileEncoding = 4; lastKnownFileType = sourcecode.c.h; path = "View+MASShorthandAdditions.h"; sourceTree = "<group>"; };
		A72727D71C1128CD00BF0BC0 /* README.md */ = {isa = PBXFileReference; fileEncoding = 4; lastKnownFileType = net.daringfireball.markdown; path = README.md; sourceTree = "<group>"; };
		A727282E1C11910900BF0BC0 /* AESCrypto.h */ = {isa = PBXFileReference; fileEncoding = 4; lastKnownFileType = sourcecode.c.h; path = AESCrypto.h; sourceTree = "<group>"; };
		A727282F1C11910900BF0BC0 /* AESCrypto.m */ = {isa = PBXFileReference; fileEncoding = 4; lastKnownFileType = sourcecode.c.objc; path = AESCrypto.m; sourceTree = "<group>"; };
		A72728301C11910900BF0BC0 /* APIResource.bundle */ = {isa = PBXFileReference; lastKnownFileType = "wrapper.plug-in"; path = APIResource.bundle; sourceTree = "<group>"; };
		A72728311C11910900BF0BC0 /* MYGestureCodeView.h */ = {isa = PBXFileReference; fileEncoding = 4; lastKnownFileType = sourcecode.c.h; path = MYGestureCodeView.h; sourceTree = "<group>"; };
		A72728321C11910900BF0BC0 /* MYGestureCodeView.m */ = {isa = PBXFileReference; fileEncoding = 4; lastKnownFileType = sourcecode.c.objc; path = MYGestureCodeView.m; sourceTree = "<group>"; };
		A72728331C11910900BF0BC0 /* MYGestureTipView.h */ = {isa = PBXFileReference; fileEncoding = 4; lastKnownFileType = sourcecode.c.h; path = MYGestureTipView.h; sourceTree = "<group>"; };
		A72728341C11910900BF0BC0 /* MYGestureTipView.m */ = {isa = PBXFileReference; fileEncoding = 4; lastKnownFileType = sourcecode.c.objc; path = MYGestureTipView.m; sourceTree = "<group>"; };
		A72728351C11910900BF0BC0 /* MYGestureUnlockViewController.h */ = {isa = PBXFileReference; fileEncoding = 4; lastKnownFileType = sourcecode.c.h; path = MYGestureUnlockViewController.h; sourceTree = "<group>"; };
		A72728361C11910900BF0BC0 /* MYGestureUnlockViewController.m */ = {isa = PBXFileReference; fileEncoding = 4; lastKnownFileType = sourcecode.c.objc; path = MYGestureUnlockViewController.m; sourceTree = "<group>"; };
		A72728371C11910900BF0BC0 /* MYPlatformAPI.h */ = {isa = PBXFileReference; fileEncoding = 4; lastKnownFileType = sourcecode.c.h; path = MYPlatformAPI.h; sourceTree = "<group>"; };
		A72728381C11910900BF0BC0 /* MYPlatformAPI.m */ = {isa = PBXFileReference; fileEncoding = 4; lastKnownFileType = sourcecode.c.objc; path = MYPlatformAPI.m; sourceTree = "<group>"; };
		A72728391C11910900BF0BC0 /* MYPlatformAPIDefines.h */ = {isa = PBXFileReference; fileEncoding = 4; lastKnownFileType = sourcecode.c.h; path = MYPlatformAPIDefines.h; sourceTree = "<group>"; };
		A727283A1C11910900BF0BC0 /* MYPlatformAppDelegate.h */ = {isa = PBXFileReference; fileEncoding = 4; lastKnownFileType = sourcecode.c.h; path = MYPlatformAppDelegate.h; sourceTree = "<group>"; };
		A727283B1C11910900BF0BC0 /* MYPlatformAppDelegate.m */ = {isa = PBXFileReference; fileEncoding = 4; lastKnownFileType = sourcecode.c.objc; path = MYPlatformAppDelegate.m; sourceTree = "<group>"; };
		A727283C1C11910900BF0BC0 /* MYPlatformObject.h */ = {isa = PBXFileReference; fileEncoding = 4; lastKnownFileType = sourcecode.c.h; path = MYPlatformObject.h; sourceTree = "<group>"; };
		A727283D1C11910900BF0BC0 /* MYPlatformObject.m */ = {isa = PBXFileReference; fileEncoding = 4; lastKnownFileType = sourcecode.c.objc; path = MYPlatformObject.m; sourceTree = "<group>"; };
		A727283E1C11910900BF0BC0 /* MYPlatformPrivateAPI.h */ = {isa = PBXFileReference; fileEncoding = 4; lastKnownFileType = sourcecode.c.h; path = MYPlatformPrivateAPI.h; sourceTree = "<group>"; };
		A727283F1C11910900BF0BC0 /* MYPlatformPrivateAPI.m */ = {isa = PBXFileReference; fileEncoding = 4; lastKnownFileType = sourcecode.c.objc; path = MYPlatformPrivateAPI.m; sourceTree = "<group>"; };
		A72728491C11924C00BF0BC0 /* LYGestureCodeViewController.h */ = {isa = PBXFileReference; fileEncoding = 4; lastKnownFileType = sourcecode.c.h; path = LYGestureCodeViewController.h; sourceTree = "<group>"; };
		A727284A1C11924C00BF0BC0 /* LYGestureCodeViewController.m */ = {isa = PBXFileReference; fileEncoding = 4; lastKnownFileType = sourcecode.c.objc; path = LYGestureCodeViewController.m; sourceTree = "<group>"; };
		A73EAC101C3A18D500245A8C /* AnimationHomeViewController.h */ = {isa = PBXFileReference; fileEncoding = 4; lastKnownFileType = sourcecode.c.h; path = AnimationHomeViewController.h; sourceTree = "<group>"; };
		A73EAC111C3A18D500245A8C /* AnimationHomeViewController.m */ = {isa = PBXFileReference; fileEncoding = 4; lastKnownFileType = sourcecode.c.objc; path = AnimationHomeViewController.m; sourceTree = "<group>"; };
		A76EE6BA1C0E9C7E00CE53F6 /* LYAdView.h */ = {isa = PBXFileReference; fileEncoding = 4; lastKnownFileType = sourcecode.c.h; path = LYAdView.h; sourceTree = "<group>"; };
		A76EE6BB1C0E9C7E00CE53F6 /* LYAdView.m */ = {isa = PBXFileReference; fileEncoding = 4; lastKnownFileType = sourcecode.c.objc; path = LYAdView.m; sourceTree = "<group>"; };
		A76EE6BD1C0E9CC600CE53F6 /* AdScollViewController.h */ = {isa = PBXFileReference; fileEncoding = 4; lastKnownFileType = sourcecode.c.h; path = AdScollViewController.h; sourceTree = "<group>"; };
		A76EE6BE1C0E9CC600CE53F6 /* AdScollViewController.m */ = {isa = PBXFileReference; fileEncoding = 4; lastKnownFileType = sourcecode.c.objc; path = AdScollViewController.m; sourceTree = "<group>"; };
		A76EE6C21C0E9DED00CE53F6 /* MKAnnotationView+WebCache.h */ = {isa = PBXFileReference; fileEncoding = 4; lastKnownFileType = sourcecode.c.h; path = "MKAnnotationView+WebCache.h"; sourceTree = "<group>"; };
		A76EE6C31C0E9DED00CE53F6 /* MKAnnotationView+WebCache.m */ = {isa = PBXFileReference; fileEncoding = 4; lastKnownFileType = sourcecode.c.objc; path = "MKAnnotationView+WebCache.m"; sourceTree = "<group>"; };
		A76EE6C41C0E9DED00CE53F6 /* NSData+ImageContentType.h */ = {isa = PBXFileReference; fileEncoding = 4; lastKnownFileType = sourcecode.c.h; path = "NSData+ImageContentType.h"; sourceTree = "<group>"; };
		A76EE6C51C0E9DED00CE53F6 /* NSData+ImageContentType.m */ = {isa = PBXFileReference; fileEncoding = 4; lastKnownFileType = sourcecode.c.objc; path = "NSData+ImageContentType.m"; sourceTree = "<group>"; };
		A76EE6C61C0E9DED00CE53F6 /* SDImageCache.h */ = {isa = PBXFileReference; fileEncoding = 4; lastKnownFileType = sourcecode.c.h; path = SDImageCache.h; sourceTree = "<group>"; };
		A76EE6C71C0E9DED00CE53F6 /* SDImageCache.m */ = {isa = PBXFileReference; fileEncoding = 4; lastKnownFileType = sourcecode.c.objc; path = SDImageCache.m; sourceTree = "<group>"; };
		A76EE6C81C0E9DED00CE53F6 /* SDWebImageCompat.h */ = {isa = PBXFileReference; fileEncoding = 4; lastKnownFileType = sourcecode.c.h; path = SDWebImageCompat.h; sourceTree = "<group>"; };
		A76EE6C91C0E9DED00CE53F6 /* SDWebImageCompat.m */ = {isa = PBXFileReference; fileEncoding = 4; lastKnownFileType = sourcecode.c.objc; path = SDWebImageCompat.m; sourceTree = "<group>"; };
		A76EE6CA1C0E9DED00CE53F6 /* SDWebImageDecoder.h */ = {isa = PBXFileReference; fileEncoding = 4; lastKnownFileType = sourcecode.c.h; path = SDWebImageDecoder.h; sourceTree = "<group>"; };
		A76EE6CB1C0E9DED00CE53F6 /* SDWebImageDecoder.m */ = {isa = PBXFileReference; fileEncoding = 4; lastKnownFileType = sourcecode.c.objc; path = SDWebImageDecoder.m; sourceTree = "<group>"; };
		A76EE6CC1C0E9DED00CE53F6 /* SDWebImageDownloader.h */ = {isa = PBXFileReference; fileEncoding = 4; lastKnownFileType = sourcecode.c.h; path = SDWebImageDownloader.h; sourceTree = "<group>"; };
		A76EE6CD1C0E9DED00CE53F6 /* SDWebImageDownloader.m */ = {isa = PBXFileReference; fileEncoding = 4; lastKnownFileType = sourcecode.c.objc; path = SDWebImageDownloader.m; sourceTree = "<group>"; };
		A76EE6CE1C0E9DED00CE53F6 /* SDWebImageDownloaderOperation.h */ = {isa = PBXFileReference; fileEncoding = 4; lastKnownFileType = sourcecode.c.h; path = SDWebImageDownloaderOperation.h; sourceTree = "<group>"; };
		A76EE6CF1C0E9DED00CE53F6 /* SDWebImageDownloaderOperation.m */ = {isa = PBXFileReference; fileEncoding = 4; lastKnownFileType = sourcecode.c.objc; path = SDWebImageDownloaderOperation.m; sourceTree = "<group>"; };
		A76EE6D01C0E9DED00CE53F6 /* SDWebImageManager.h */ = {isa = PBXFileReference; fileEncoding = 4; lastKnownFileType = sourcecode.c.h; path = SDWebImageManager.h; sourceTree = "<group>"; };
		A76EE6D11C0E9DED00CE53F6 /* SDWebImageManager.m */ = {isa = PBXFileReference; fileEncoding = 4; lastKnownFileType = sourcecode.c.objc; path = SDWebImageManager.m; sourceTree = "<group>"; };
		A76EE6D21C0E9DED00CE53F6 /* SDWebImageOperation.h */ = {isa = PBXFileReference; fileEncoding = 4; lastKnownFileType = sourcecode.c.h; path = SDWebImageOperation.h; sourceTree = "<group>"; };
		A76EE6D31C0E9DED00CE53F6 /* SDWebImagePrefetcher.h */ = {isa = PBXFileReference; fileEncoding = 4; lastKnownFileType = sourcecode.c.h; path = SDWebImagePrefetcher.h; sourceTree = "<group>"; };
		A76EE6D41C0E9DED00CE53F6 /* SDWebImagePrefetcher.m */ = {isa = PBXFileReference; fileEncoding = 4; lastKnownFileType = sourcecode.c.objc; path = SDWebImagePrefetcher.m; sourceTree = "<group>"; };
		A76EE6D51C0E9DED00CE53F6 /* UIButton+WebCache.h */ = {isa = PBXFileReference; fileEncoding = 4; lastKnownFileType = sourcecode.c.h; path = "UIButton+WebCache.h"; sourceTree = "<group>"; };
		A76EE6D61C0E9DED00CE53F6 /* UIButton+WebCache.m */ = {isa = PBXFileReference; fileEncoding = 4; lastKnownFileType = sourcecode.c.objc; path = "UIButton+WebCache.m"; sourceTree = "<group>"; };
		A76EE6D71C0E9DED00CE53F6 /* UIImage+GIF.h */ = {isa = PBXFileReference; fileEncoding = 4; lastKnownFileType = sourcecode.c.h; path = "UIImage+GIF.h"; sourceTree = "<group>"; };
		A76EE6D81C0E9DED00CE53F6 /* UIImage+GIF.m */ = {isa = PBXFileReference; fileEncoding = 4; lastKnownFileType = sourcecode.c.objc; path = "UIImage+GIF.m"; sourceTree = "<group>"; };
		A76EE6D91C0E9DED00CE53F6 /* UIImage+MultiFormat.h */ = {isa = PBXFileReference; fileEncoding = 4; lastKnownFileType = sourcecode.c.h; path = "UIImage+MultiFormat.h"; sourceTree = "<group>"; };
		A76EE6DA1C0E9DED00CE53F6 /* UIImage+MultiFormat.m */ = {isa = PBXFileReference; fileEncoding = 4; lastKnownFileType = sourcecode.c.objc; path = "UIImage+MultiFormat.m"; sourceTree = "<group>"; };
		A76EE6DB1C0E9DED00CE53F6 /* UIImage+WebP.h */ = {isa = PBXFileReference; fileEncoding = 4; lastKnownFileType = sourcecode.c.h; path = "UIImage+WebP.h"; sourceTree = "<group>"; };
		A76EE6DC1C0E9DED00CE53F6 /* UIImage+WebP.m */ = {isa = PBXFileReference; fileEncoding = 4; lastKnownFileType = sourcecode.c.objc; path = "UIImage+WebP.m"; sourceTree = "<group>"; };
		A76EE6DD1C0E9DED00CE53F6 /* UIImageView+HighlightedWebCache.h */ = {isa = PBXFileReference; fileEncoding = 4; lastKnownFileType = sourcecode.c.h; path = "UIImageView+HighlightedWebCache.h"; sourceTree = "<group>"; };
		A76EE6DE1C0E9DED00CE53F6 /* UIImageView+HighlightedWebCache.m */ = {isa = PBXFileReference; fileEncoding = 4; lastKnownFileType = sourcecode.c.objc; path = "UIImageView+HighlightedWebCache.m"; sourceTree = "<group>"; };
		A76EE6DF1C0E9DED00CE53F6 /* UIImageView+WebCache.h */ = {isa = PBXFileReference; fileEncoding = 4; lastKnownFileType = sourcecode.c.h; path = "UIImageView+WebCache.h"; sourceTree = "<group>"; };
		A76EE6E01C0E9DED00CE53F6 /* UIImageView+WebCache.m */ = {isa = PBXFileReference; fileEncoding = 4; lastKnownFileType = sourcecode.c.objc; path = "UIImageView+WebCache.m"; sourceTree = "<group>"; };
		A76EE6E11C0E9DED00CE53F6 /* UIView+WebCacheOperation.h */ = {isa = PBXFileReference; fileEncoding = 4; lastKnownFileType = sourcecode.c.h; path = "UIView+WebCacheOperation.h"; sourceTree = "<group>"; };
		A76EE6E21C0E9DED00CE53F6 /* UIView+WebCacheOperation.m */ = {isa = PBXFileReference; fileEncoding = 4; lastKnownFileType = sourcecode.c.objc; path = "UIView+WebCacheOperation.m"; sourceTree = "<group>"; };
		A7E3BF9D1C35266500279758 /* RunTimeMessageViewController.h */ = {isa = PBXFileReference; fileEncoding = 4; lastKnownFileType = sourcecode.c.h; path = RunTimeMessageViewController.h; sourceTree = "<group>"; };
		A7E3BF9E1C35266500279758 /* RunTimeMessageViewController.m */ = {isa = PBXFileReference; fileEncoding = 4; lastKnownFileType = sourcecode.c.objc; path = RunTimeMessageViewController.m; sourceTree = "<group>"; };
		A7E3BFA11C35268C00279758 /* DisplayView.h */ = {isa = PBXFileReference; fileEncoding = 4; lastKnownFileType = sourcecode.c.h; path = DisplayView.h; sourceTree = "<group>"; };
		A7E3BFA21C35268C00279758 /* DisplayView.m */ = {isa = PBXFileReference; fileEncoding = 4; lastKnownFileType = sourcecode.c.objc; path = DisplayView.m; sourceTree = "<group>"; };
		A7E3BFA41C35269B00279758 /* DisplayView2.h */ = {isa = PBXFileReference; fileEncoding = 4; lastKnownFileType = sourcecode.c.h; path = DisplayView2.h; sourceTree = "<group>"; };
		A7E3BFA51C35269B00279758 /* DisplayView2.m */ = {isa = PBXFileReference; fileEncoding = 4; lastKnownFileType = sourcecode.c.objc; path = DisplayView2.m; sourceTree = "<group>"; };
		A7E474F91BF5801F00C88A3F /* ChartViewDataSource.h */ = {isa = PBXFileReference; fileEncoding = 4; lastKnownFileType = sourcecode.c.h; path = ChartViewDataSource.h; sourceTree = "<group>"; };
		A7E474FA1BF5801F00C88A3F /* ChartViewDataSource.m */ = {isa = PBXFileReference; fileEncoding = 4; lastKnownFileType = sourcecode.c.objc; path = ChartViewDataSource.m; sourceTree = "<group>"; };
		A7EA40161BF46058009E07E6 /* DemoList.app */ = {isa = PBXFileReference; explicitFileType = wrapper.application; includeInIndex = 0; path = DemoList.app; sourceTree = BUILT_PRODUCTS_DIR; };
		A7EA401A1BF46059009E07E6 /* main.m */ = {isa = PBXFileReference; lastKnownFileType = sourcecode.c.objc; path = main.m; sourceTree = "<group>"; };
		A7EA401C1BF46059009E07E6 /* AppDelegate.h */ = {isa = PBXFileReference; lastKnownFileType = sourcecode.c.h; path = AppDelegate.h; sourceTree = "<group>"; };
		A7EA401D1BF46059009E07E6 /* AppDelegate.m */ = {isa = PBXFileReference; lastKnownFileType = sourcecode.c.objc; path = AppDelegate.m; sourceTree = "<group>"; };
		A7EA401F1BF46059009E07E6 /* ViewController.h */ = {isa = PBXFileReference; lastKnownFileType = sourcecode.c.h; path = ViewController.h; sourceTree = "<group>"; };
		A7EA40201BF46059009E07E6 /* ViewController.m */ = {isa = PBXFileReference; lastKnownFileType = sourcecode.c.objc; path = ViewController.m; sourceTree = "<group>"; };
		A7EA40251BF46059009E07E6 /* Assets.xcassets */ = {isa = PBXFileReference; lastKnownFileType = folder.assetcatalog; path = Assets.xcassets; sourceTree = "<group>"; };
		A7EA402A1BF46059009E07E6 /* Info.plist */ = {isa = PBXFileReference; lastKnownFileType = text.plist.xml; path = Info.plist; sourceTree = "<group>"; };
		A7EA402F1BF46059009E07E6 /* DemoListTests.xctest */ = {isa = PBXFileReference; explicitFileType = wrapper.cfbundle; includeInIndex = 0; path = DemoListTests.xctest; sourceTree = BUILT_PRODUCTS_DIR; };
		A7EA40331BF46059009E07E6 /* DemoListTests.m */ = {isa = PBXFileReference; lastKnownFileType = sourcecode.c.objc; path = DemoListTests.m; sourceTree = "<group>"; };
		A7EA40351BF46059009E07E6 /* Info.plist */ = {isa = PBXFileReference; lastKnownFileType = text.plist.xml; path = Info.plist; sourceTree = "<group>"; };
		A7EA403A1BF46059009E07E6 /* DemoListUITests.xctest */ = {isa = PBXFileReference; explicitFileType = wrapper.cfbundle; includeInIndex = 0; path = DemoListUITests.xctest; sourceTree = BUILT_PRODUCTS_DIR; };
		A7EA403E1BF46059009E07E6 /* DemoListUITests.m */ = {isa = PBXFileReference; lastKnownFileType = sourcecode.c.objc; path = DemoListUITests.m; sourceTree = "<group>"; };
		A7EA40401BF46059009E07E6 /* Info.plist */ = {isa = PBXFileReference; lastKnownFileType = text.plist.xml; path = Info.plist; sourceTree = "<group>"; };
		A7EA404E1BF46305009E07E6 /* ChatViewViewController.h */ = {isa = PBXFileReference; fileEncoding = 4; lastKnownFileType = sourcecode.c.h; name = ChatViewViewController.h; path = ChatViewDemo/ChatViewViewController.h; sourceTree = "<group>"; };
		A7EA404F1BF46305009E07E6 /* ChatViewViewController.m */ = {isa = PBXFileReference; fileEncoding = 4; lastKnownFileType = sourcecode.c.objc; name = ChatViewViewController.m; path = ChatViewDemo/ChatViewViewController.m; sourceTree = "<group>"; };
		A7EA40581BF465E1009E07E6 /* pchFile.pch */ = {isa = PBXFileReference; fileEncoding = 4; lastKnownFileType = sourcecode.c.h; path = pchFile.pch; sourceTree = "<group>"; };
		A7EA40711BF48186009E07E6 /* ChartCanvasView.h */ = {isa = PBXFileReference; fileEncoding = 4; lastKnownFileType = sourcecode.c.h; name = ChartCanvasView.h; path = DemoList/ChatViewDemo/LineChartView/ChartCanvasView.h; sourceTree = SOURCE_ROOT; };
		A7EA40721BF48186009E07E6 /* ChartCanvasView.m */ = {isa = PBXFileReference; fileEncoding = 4; lastKnownFileType = sourcecode.c.objc; name = ChartCanvasView.m; path = DemoList/ChatViewDemo/LineChartView/ChartCanvasView.m; sourceTree = SOURCE_ROOT; };
		A7EA40731BF48186009E07E6 /* LineChartView.h */ = {isa = PBXFileReference; fileEncoding = 4; lastKnownFileType = sourcecode.c.h; name = LineChartView.h; path = DemoList/ChatViewDemo/LineChartView/LineChartView.h; sourceTree = SOURCE_ROOT; };
		A7EA40741BF48186009E07E6 /* LineChartView.m */ = {isa = PBXFileReference; fileEncoding = 4; lastKnownFileType = sourcecode.c.objc; name = LineChartView.m; path = DemoList/ChatViewDemo/LineChartView/LineChartView.m; sourceTree = SOURCE_ROOT; };
/* End PBXFileReference section */

/* Begin PBXFrameworksBuildPhase section */
		A7EA40131BF46058009E07E6 /* Frameworks */ = {
			isa = PBXFrameworksBuildPhase;
			buildActionMask = 2147483647;
			files = (
				A727227E1C1AD0AF000A2D11 /* libsqlite3.tbd in Frameworks */,
			);
			runOnlyForDeploymentPostprocessing = 0;
		};
		A7EA402C1BF46059009E07E6 /* Frameworks */ = {
			isa = PBXFrameworksBuildPhase;
			buildActionMask = 2147483647;
			files = (
			);
			runOnlyForDeploymentPostprocessing = 0;
		};
		A7EA40371BF46059009E07E6 /* Frameworks */ = {
			isa = PBXFrameworksBuildPhase;
			buildActionMask = 2147483647;
			files = (
			);
			runOnlyForDeploymentPostprocessing = 0;
		};
/* End PBXFrameworksBuildPhase section */

/* Begin PBXGroup section */
		A70273271C336A050076D4C7 /* CoreTextDemo */ = {
			isa = PBXGroup;
			children = (
				A702732B1C336A650076D4C7 /* View */,
				A70273281C336A1E0076D4C7 /* CoreTextViewController.h */,
				A70273291C336A1E0076D4C7 /* CoreTextViewController.m */,
			);
			path = CoreTextDemo;
			sourceTree = "<group>";
		};
		A702732B1C336A650076D4C7 /* View */ = {
			isa = PBXGroup;
			children = (
				A702732C1C336A7E0076D4C7 /* CTDisplayView.h */,
				A702732D1C336A7E0076D4C7 /* CTDisplayView.m */,
			);
			name = View;
			sourceTree = "<group>";
		};
		A70AF0F51C43A72700AAC29B /* blurImage */ = {
			isa = PBXGroup;
			children = (
				A70AF0F61C43A73E00AAC29B /* BlurImageViewController.h */,
				A70AF0F71C43A73E00AAC29B /* BlurImageViewController.m */,
			);
			path = blurImage;
			sourceTree = "<group>";
		};
		A70CF2221C21054700B04309 /* BlurryImage */ = {
			isa = PBXGroup;
			children = (
				A70CF2231C21057800B04309 /* CommonFun.h */,
				A70CF2241C21057800B04309 /* CommonFun.m */,
			);
			path = BlurryImage;
			sourceTree = "<group>";
		};
		A7167BC21C3132FB00330C44 /* NSTimer */ = {
			isa = PBXGroup;
			children = (
				A7167BC61C31337900330C44 /* TimerTableViewController.h */,
				A7167BC71C31337900330C44 /* TimerTableViewController.m */,
			);
			path = NSTimer;
			sourceTree = "<group>";
		};
		A72722681C1A9EB2000A2D11 /* Download */ = {
			isa = PBXGroup;
			children = (
				A72722691C1A9EB2000A2D11 /* Download.h */,
				A727226A1C1A9EB2000A2D11 /* Download.m */,
				A727226B1C1A9EB2000A2D11 /* DownloadingManagment.h */,
				A727226C1C1A9EB2000A2D11 /* DownloadingManagment.m */,
				A727226D1C1A9EB2000A2D11 /* DownloadManagment.h */,
				A727226E1C1A9EB2000A2D11 /* DownloadManagment.m */,
				A727226F1C1A9EB2000A2D11 /* DownloadManagment.sqlite */,
				A72722701C1A9EB2000A2D11 /* DownloadManagmentFinish.h */,
				A72722711C1A9EB2000A2D11 /* DownloadManagmentFinish.m */,
				A72722721C1A9EB2000A2D11 /* SqliteManager.h */,
				A72722731C1A9EB2000A2D11 /* SqliteManager.m */,
				A72722741C1A9EB2000A2D11 /* DownloadViewController.h */,
				A72722751C1A9EB2000A2D11 /* DownloadViewController.m */,
			);
			path = Download;
			sourceTree = "<group>";
		};
		A72727B91C11288700BF0BC0 /* SearchBar */ = {
			isa = PBXGroup;
			children = (
				A72727BA1C1128B300BF0BC0 /* LYSearchBarViewController.h */,
				A72727BB1C1128B300BF0BC0 /* LYSearchBarViewController.m */,
			);
			path = SearchBar;
			sourceTree = "<group>";
		};
		A72727BD1C1128CD00BF0BC0 /* Masonry */ = {
			isa = PBXGroup;
			children = (
				A72727BE1C1128CD00BF0BC0 /* LICENSE */,
				A72727BF1C1128CD00BF0BC0 /* Masonry */,
				A72727D71C1128CD00BF0BC0 /* README.md */,
			);
			path = Masonry;
			sourceTree = "<group>";
		};
		A72727BF1C1128CD00BF0BC0 /* Masonry */ = {
			isa = PBXGroup;
			children = (
				A72727C01C1128CD00BF0BC0 /* MASCompositeConstraint.h */,
				A72727C11C1128CD00BF0BC0 /* MASCompositeConstraint.m */,
				A72727C21C1128CD00BF0BC0 /* MASConstraint+Private.h */,
				A72727C31C1128CD00BF0BC0 /* MASConstraint.h */,
				A72727C41C1128CD00BF0BC0 /* MASConstraint.m */,
				A72727C51C1128CD00BF0BC0 /* MASConstraintMaker.h */,
				A72727C61C1128CD00BF0BC0 /* MASConstraintMaker.m */,
				A72727C71C1128CD00BF0BC0 /* MASLayoutConstraint.h */,
				A72727C81C1128CD00BF0BC0 /* MASLayoutConstraint.m */,
				A72727C91C1128CD00BF0BC0 /* Masonry.h */,
				A72727CA1C1128CD00BF0BC0 /* MASUtilities.h */,
				A72727CB1C1128CD00BF0BC0 /* MASViewAttribute.h */,
				A72727CC1C1128CD00BF0BC0 /* MASViewAttribute.m */,
				A72727CD1C1128CD00BF0BC0 /* MASViewConstraint.h */,
				A72727CE1C1128CD00BF0BC0 /* MASViewConstraint.m */,
				A72727CF1C1128CD00BF0BC0 /* NSArray+MASAdditions.h */,
				A72727D01C1128CD00BF0BC0 /* NSArray+MASAdditions.m */,
				A72727D11C1128CD00BF0BC0 /* NSArray+MASShorthandAdditions.h */,
				A72727D21C1128CD00BF0BC0 /* NSLayoutConstraint+MASDebugAdditions.h */,
				A72727D31C1128CD00BF0BC0 /* NSLayoutConstraint+MASDebugAdditions.m */,
				A72727D41C1128CD00BF0BC0 /* View+MASAdditions.h */,
				A72727D51C1128CD00BF0BC0 /* View+MASAdditions.m */,
				A72727D61C1128CD00BF0BC0 /* View+MASShorthandAdditions.h */,
			);
			path = Masonry;
			sourceTree = "<group>";
		};
		A727282D1C11910900BF0BC0 /* PlatformAPI */ = {
			isa = PBXGroup;
			children = (
				A727282E1C11910900BF0BC0 /* AESCrypto.h */,
				A727282F1C11910900BF0BC0 /* AESCrypto.m */,
				A72728301C11910900BF0BC0 /* APIResource.bundle */,
				A72728311C11910900BF0BC0 /* MYGestureCodeView.h */,
				A72728321C11910900BF0BC0 /* MYGestureCodeView.m */,
				A72728331C11910900BF0BC0 /* MYGestureTipView.h */,
				A72728341C11910900BF0BC0 /* MYGestureTipView.m */,
				A72728351C11910900BF0BC0 /* MYGestureUnlockViewController.h */,
				A72728361C11910900BF0BC0 /* MYGestureUnlockViewController.m */,
				A72728371C11910900BF0BC0 /* MYPlatformAPI.h */,
				A72728381C11910900BF0BC0 /* MYPlatformAPI.m */,
				A72728391C11910900BF0BC0 /* MYPlatformAPIDefines.h */,
				A727283A1C11910900BF0BC0 /* MYPlatformAppDelegate.h */,
				A727283B1C11910900BF0BC0 /* MYPlatformAppDelegate.m */,
				A727283C1C11910900BF0BC0 /* MYPlatformObject.h */,
				A727283D1C11910900BF0BC0 /* MYPlatformObject.m */,
				A727283E1C11910900BF0BC0 /* MYPlatformPrivateAPI.h */,
				A727283F1C11910900BF0BC0 /* MYPlatformPrivateAPI.m */,
				A72728491C11924C00BF0BC0 /* LYGestureCodeViewController.h */,
				A727284A1C11924C00BF0BC0 /* LYGestureCodeViewController.m */,
			);
			path = PlatformAPI;
			sourceTree = "<group>";
		};
		A76EE6B91C0E9C7E00CE53F6 /* AdView */ = {
			isa = PBXGroup;
			children = (
				A76EE6BA1C0E9C7E00CE53F6 /* LYAdView.h */,
				A76EE6BB1C0E9C7E00CE53F6 /* LYAdView.m */,
				A76EE6BD1C0E9CC600CE53F6 /* AdScollViewController.h */,
				A76EE6BE1C0E9CC600CE53F6 /* AdScollViewController.m */,
			);
			path = AdView;
			sourceTree = "<group>";
		};
		A76EE6C01C0E9DED00CE53F6 /* Common */ = {
			isa = PBXGroup;
			children = (
				A70CF2221C21054700B04309 /* BlurryImage */,
				A72727BD1C1128CD00BF0BC0 /* Masonry */,
				A76EE6C11C0E9DED00CE53F6 /* SDWebImage */,
			);
			path = Common;
			sourceTree = "<group>";
		};
		A76EE6C11C0E9DED00CE53F6 /* SDWebImage */ = {
			isa = PBXGroup;
			children = (
				A76EE6C21C0E9DED00CE53F6 /* MKAnnotationView+WebCache.h */,
				A76EE6C31C0E9DED00CE53F6 /* MKAnnotationView+WebCache.m */,
				A76EE6C41C0E9DED00CE53F6 /* NSData+ImageContentType.h */,
				A76EE6C51C0E9DED00CE53F6 /* NSData+ImageContentType.m */,
				A76EE6C61C0E9DED00CE53F6 /* SDImageCache.h */,
				A76EE6C71C0E9DED00CE53F6 /* SDImageCache.m */,
				A76EE6C81C0E9DED00CE53F6 /* SDWebImageCompat.h */,
				A76EE6C91C0E9DED00CE53F6 /* SDWebImageCompat.m */,
				A76EE6CA1C0E9DED00CE53F6 /* SDWebImageDecoder.h */,
				A76EE6CB1C0E9DED00CE53F6 /* SDWebImageDecoder.m */,
				A76EE6CC1C0E9DED00CE53F6 /* SDWebImageDownloader.h */,
				A76EE6CD1C0E9DED00CE53F6 /* SDWebImageDownloader.m */,
				A76EE6CE1C0E9DED00CE53F6 /* SDWebImageDownloaderOperation.h */,
				A76EE6CF1C0E9DED00CE53F6 /* SDWebImageDownloaderOperation.m */,
				A76EE6D01C0E9DED00CE53F6 /* SDWebImageManager.h */,
				A76EE6D11C0E9DED00CE53F6 /* SDWebImageManager.m */,
				A76EE6D21C0E9DED00CE53F6 /* SDWebImageOperation.h */,
				A76EE6D31C0E9DED00CE53F6 /* SDWebImagePrefetcher.h */,
				A76EE6D41C0E9DED00CE53F6 /* SDWebImagePrefetcher.m */,
				A76EE6D51C0E9DED00CE53F6 /* UIButton+WebCache.h */,
				A76EE6D61C0E9DED00CE53F6 /* UIButton+WebCache.m */,
				A76EE6D71C0E9DED00CE53F6 /* UIImage+GIF.h */,
				A76EE6D81C0E9DED00CE53F6 /* UIImage+GIF.m */,
				A76EE6D91C0E9DED00CE53F6 /* UIImage+MultiFormat.h */,
				A76EE6DA1C0E9DED00CE53F6 /* UIImage+MultiFormat.m */,
				A76EE6DB1C0E9DED00CE53F6 /* UIImage+WebP.h */,
				A76EE6DC1C0E9DED00CE53F6 /* UIImage+WebP.m */,
				A76EE6DD1C0E9DED00CE53F6 /* UIImageView+HighlightedWebCache.h */,
				A76EE6DE1C0E9DED00CE53F6 /* UIImageView+HighlightedWebCache.m */,
				A76EE6DF1C0E9DED00CE53F6 /* UIImageView+WebCache.h */,
				A76EE6E01C0E9DED00CE53F6 /* UIImageView+WebCache.m */,
				A76EE6E11C0E9DED00CE53F6 /* UIView+WebCacheOperation.h */,
				A76EE6E21C0E9DED00CE53F6 /* UIView+WebCacheOperation.m */,
			);
			path = SDWebImage;
			sourceTree = "<group>";
		};
		A7E3BF9C1C35263700279758 /* Runtime */ = {
			isa = PBXGroup;
			children = (
				A7E3BFA01C35267200279758 /* View */,
				A7E3BF9D1C35266500279758 /* RunTimeMessageViewController.h */,
				A7E3BF9E1C35266500279758 /* RunTimeMessageViewController.m */,
				A73EAC101C3A18D500245A8C /* AnimationHomeViewController.h */,
				A73EAC111C3A18D500245A8C /* AnimationHomeViewController.m */,
			);
			path = Runtime;
			sourceTree = "<group>";
		};
		A7E3BFA01C35267200279758 /* View */ = {
			isa = PBXGroup;
			children = (
				A7E3BFA11C35268C00279758 /* DisplayView.h */,
				A7E3BFA21C35268C00279758 /* DisplayView.m */,
				A7E3BFA41C35269B00279758 /* DisplayView2.h */,
				A7E3BFA51C35269B00279758 /* DisplayView2.m */,
			);
			name = View;
			sourceTree = "<group>";
		};
		A7EA400D1BF46058009E07E6 = {
			isa = PBXGroup;
			children = (
				A727227D1C1AD0AF000A2D11 /* libsqlite3.tbd */,
				A7EA40181BF46058009E07E6 /* DemoList */,
				A7EA40321BF46059009E07E6 /* DemoListTests */,
				A7EA403D1BF46059009E07E6 /* DemoListUITests */,
				A7EA40171BF46058009E07E6 /* Products */,
			);
			sourceTree = "<group>";
		};
		A7EA40171BF46058009E07E6 /* Products */ = {
			isa = PBXGroup;
			children = (
				A7EA40161BF46058009E07E6 /* DemoList.app */,
				A7EA402F1BF46059009E07E6 /* DemoListTests.xctest */,
				A7EA403A1BF46059009E07E6 /* DemoListUITests.xctest */,
			);
			name = Products;
			sourceTree = "<group>";
		};
		A7EA40181BF46058009E07E6 /* DemoList */ = {
			isa = PBXGroup;
			children = (
				A70AF0F51C43A72700AAC29B /* blurImage */,
				A7E3BF9C1C35263700279758 /* Runtime */,
				A70273271C336A050076D4C7 /* CoreTextDemo */,
				A7167BC21C3132FB00330C44 /* NSTimer */,
				A72722681C1A9EB2000A2D11 /* Download */,
				A727282D1C11910900BF0BC0 /* PlatformAPI */,
				A72727B91C11288700BF0BC0 /* SearchBar */,
				A76EE6C01C0E9DED00CE53F6 /* Common */,
				A76EE6B91C0E9C7E00CE53F6 /* AdView */,
				A7EA404D1BF462C0009E07E6 /* ChatViewDemo */,
				A7EA401C1BF46059009E07E6 /* AppDelegate.h */,
				A7EA401D1BF46059009E07E6 /* AppDelegate.m */,
				A7EA401F1BF46059009E07E6 /* ViewController.h */,
				A7EA40201BF46059009E07E6 /* ViewController.m */,
				A7EA40251BF46059009E07E6 /* Assets.xcassets */,
				A7EA402A1BF46059009E07E6 /* Info.plist */,
				A7EA40191BF46058009E07E6 /* Supporting Files */,
			);
			path = DemoList;
			sourceTree = "<group>";
		};
		A7EA40191BF46058009E07E6 /* Supporting Files */ = {
			isa = PBXGroup;
			children = (
				A7EA401A1BF46059009E07E6 /* main.m */,
				A7EA40581BF465E1009E07E6 /* pchFile.pch */,
			);
			name = "Supporting Files";
			sourceTree = "<group>";
		};
		A7EA40321BF46059009E07E6 /* DemoListTests */ = {
			isa = PBXGroup;
			children = (
				A7EA40331BF46059009E07E6 /* DemoListTests.m */,
				A7EA40351BF46059009E07E6 /* Info.plist */,
			);
			path = DemoListTests;
			sourceTree = "<group>";
		};
		A7EA403D1BF46059009E07E6 /* DemoListUITests */ = {
			isa = PBXGroup;
			children = (
				A7EA403E1BF46059009E07E6 /* DemoListUITests.m */,
				A7EA40401BF46059009E07E6 /* Info.plist */,
			);
			path = DemoListUITests;
			sourceTree = "<group>";
		};
		A7EA404D1BF462C0009E07E6 /* ChatViewDemo */ = {
			isa = PBXGroup;
			children = (
				A7EA40591BF46C57009E07E6 /* LineChartView */,
				A7EA404E1BF46305009E07E6 /* ChatViewViewController.h */,
				A7EA404F1BF46305009E07E6 /* ChatViewViewController.m */,
			);
			name = ChatViewDemo;
			sourceTree = "<group>";
		};
		A7EA40591BF46C57009E07E6 /* LineChartView */ = {
			isa = PBXGroup;
			children = (
				A7EA40601BF4700B009E07E6 /* ChartView */,
			);
			name = LineChartView;
			path = ChatViewDemo/LineChartView;
			sourceTree = "<group>";
		};
		A7EA40601BF4700B009E07E6 /* ChartView */ = {
			isa = PBXGroup;
			children = (
				A7E474F91BF5801F00C88A3F /* ChartViewDataSource.h */,
				A7E474FA1BF5801F00C88A3F /* ChartViewDataSource.m */,
				A7EA40711BF48186009E07E6 /* ChartCanvasView.h */,
				A7EA40721BF48186009E07E6 /* ChartCanvasView.m */,
				A7EA40731BF48186009E07E6 /* LineChartView.h */,
				A7EA40741BF48186009E07E6 /* LineChartView.m */,
			);
			name = ChartView;
			path = DemoList/ChatViewDemo/ChartView;
			sourceTree = SOURCE_ROOT;
		};
/* End PBXGroup section */

/* Begin PBXNativeTarget section */
		A7EA40151BF46058009E07E6 /* DemoList */ = {
			isa = PBXNativeTarget;
			buildConfigurationList = A7EA40431BF46059009E07E6 /* Build configuration list for PBXNativeTarget "DemoList" */;
			buildPhases = (
				A7EA40121BF46058009E07E6 /* Sources */,
				A7EA40131BF46058009E07E6 /* Frameworks */,
				A7EA40141BF46058009E07E6 /* Resources */,
			);
			buildRules = (
			);
			dependencies = (
			);
			name = DemoList;
			productName = DemoList;
			productReference = A7EA40161BF46058009E07E6 /* DemoList.app */;
			productType = "com.apple.product-type.application";
		};
		A7EA402E1BF46059009E07E6 /* DemoListTests */ = {
			isa = PBXNativeTarget;
			buildConfigurationList = A7EA40461BF46059009E07E6 /* Build configuration list for PBXNativeTarget "DemoListTests" */;
			buildPhases = (
				A7EA402B1BF46059009E07E6 /* Sources */,
				A7EA402C1BF46059009E07E6 /* Frameworks */,
				A7EA402D1BF46059009E07E6 /* Resources */,
			);
			buildRules = (
			);
			dependencies = (
				A7EA40311BF46059009E07E6 /* PBXTargetDependency */,
			);
			name = DemoListTests;
			productName = DemoListTests;
			productReference = A7EA402F1BF46059009E07E6 /* DemoListTests.xctest */;
			productType = "com.apple.product-type.bundle.unit-test";
		};
		A7EA40391BF46059009E07E6 /* DemoListUITests */ = {
			isa = PBXNativeTarget;
			buildConfigurationList = A7EA40491BF46059009E07E6 /* Build configuration list for PBXNativeTarget "DemoListUITests" */;
			buildPhases = (
				A7EA40361BF46059009E07E6 /* Sources */,
				A7EA40371BF46059009E07E6 /* Frameworks */,
				A7EA40381BF46059009E07E6 /* Resources */,
			);
			buildRules = (
			);
			dependencies = (
				A7EA403C1BF46059009E07E6 /* PBXTargetDependency */,
			);
			name = DemoListUITests;
			productName = DemoListUITests;
			productReference = A7EA403A1BF46059009E07E6 /* DemoListUITests.xctest */;
			productType = "com.apple.product-type.bundle.ui-testing";
		};
/* End PBXNativeTarget section */

/* Begin PBXProject section */
		A7EA400E1BF46058009E07E6 /* Project object */ = {
			isa = PBXProject;
			attributes = {
				LastUpgradeCheck = 0700;
				ORGANIZATIONNAME = luoyan;
				TargetAttributes = {
					A7EA40151BF46058009E07E6 = {
						CreatedOnToolsVersion = 7.0.1;
						DevelopmentTeam = 6WV2N29WFL;
					};
					A7EA402E1BF46059009E07E6 = {
						CreatedOnToolsVersion = 7.0.1;
						TestTargetID = A7EA40151BF46058009E07E6;
					};
					A7EA40391BF46059009E07E6 = {
						CreatedOnToolsVersion = 7.0.1;
						TestTargetID = A7EA40151BF46058009E07E6;
					};
				};
			};
			buildConfigurationList = A7EA40111BF46058009E07E6 /* Build configuration list for PBXProject "DemoList" */;
			compatibilityVersion = "Xcode 3.2";
			developmentRegion = English;
			hasScannedForEncodings = 0;
			knownRegions = (
				en,
				Base,
			);
			mainGroup = A7EA400D1BF46058009E07E6;
			productRefGroup = A7EA40171BF46058009E07E6 /* Products */;
			projectDirPath = "";
			projectRoot = "";
			targets = (
				A7EA40151BF46058009E07E6 /* DemoList */,
				A7EA402E1BF46059009E07E6 /* DemoListTests */,
				A7EA40391BF46059009E07E6 /* DemoListUITests */,
			);
		};
/* End PBXProject section */

/* Begin PBXResourcesBuildPhase section */
		A7EA40141BF46058009E07E6 /* Resources */ = {
			isa = PBXResourcesBuildPhase;
			buildActionMask = 2147483647;
			files = (
				A72722791C1A9EB2000A2D11 /* DownloadManagment.sqlite in Resources */,
				A72727D81C1128CD00BF0BC0 /* LICENSE in Resources */,
				A72728411C11910900BF0BC0 /* APIResource.bundle in Resources */,
				A7EA40261BF46059009E07E6 /* Assets.xcassets in Resources */,
			);
			runOnlyForDeploymentPostprocessing = 0;
		};
		A7EA402D1BF46059009E07E6 /* Resources */ = {
			isa = PBXResourcesBuildPhase;
			buildActionMask = 2147483647;
			files = (
			);
			runOnlyForDeploymentPostprocessing = 0;
		};
		A7EA40381BF46059009E07E6 /* Resources */ = {
			isa = PBXResourcesBuildPhase;
			buildActionMask = 2147483647;
			files = (
			);
			runOnlyForDeploymentPostprocessing = 0;
		};
/* End PBXResourcesBuildPhase section */

/* Begin PBXSourcesBuildPhase section */
		A7EA40121BF46058009E07E6 /* Sources */ = {
			isa = PBXSourcesBuildPhase;
			buildActionMask = 2147483647;
			files = (
				A727227C1C1A9EB2000A2D11 /* DownloadViewController.m in Sources */,
				A7E3BFA31C35268C00279758 /* DisplayView.m in Sources */,
				A76EE6F01C0E9DED00CE53F6 /* UIImageView+HighlightedWebCache.m in Sources */,
				A76EE6E71C0E9DED00CE53F6 /* SDWebImageDecoder.m in Sources */,
				A72728441C11910900BF0BC0 /* MYGestureUnlockViewController.m in Sources */,
				A76EE6F11C0E9DED00CE53F6 /* UIImageView+WebCache.m in Sources */,
				A7EA40751BF48186009E07E6 /* ChartCanvasView.m in Sources */,
				A76EE6E91C0E9DED00CE53F6 /* SDWebImageDownloaderOperation.m in Sources */,
				A727284B1C11924C00BF0BC0 /* LYGestureCodeViewController.m in Sources */,
				A702732A1C336A1E0076D4C7 /* CoreTextViewController.m in Sources */,
				A72727DF1C1128CD00BF0BC0 /* NSArray+MASAdditions.m in Sources */,
				A72727E21C1128CD00BF0BC0 /* README.md in Sources */,
				A76EE6EA1C0E9DED00CE53F6 /* SDWebImageManager.m in Sources */,
				A7EA40211BF46059009E07E6 /* ViewController.m in Sources */,
				A76EE6BC1C0E9C7E00CE53F6 /* LYAdView.m in Sources */,
				A72728481C11910900BF0BC0 /* MYPlatformPrivateAPI.m in Sources */,
				A76EE6E81C0E9DED00CE53F6 /* SDWebImageDownloader.m in Sources */,
				A72727BC1C1128B300BF0BC0 /* LYSearchBarViewController.m in Sources */,
				A72728471C11910900BF0BC0 /* MYPlatformObject.m in Sources */,
				A72728431C11910900BF0BC0 /* MYGestureTipView.m in Sources */,
				A727227A1C1A9EB2000A2D11 /* DownloadManagmentFinish.m in Sources */,
				A76EE6E31C0E9DED00CE53F6 /* MKAnnotationView+WebCache.m in Sources */,
				A73EAC121C3A18D500245A8C /* AnimationHomeViewController.m in Sources */,
				A72727DB1C1128CD00BF0BC0 /* MASConstraintMaker.m in Sources */,
				A72727E11C1128CD00BF0BC0 /* View+MASAdditions.m in Sources */,
				A72727E01C1128CD00BF0BC0 /* NSLayoutConstraint+MASDebugAdditions.m in Sources */,
				A76EE6E61C0E9DED00CE53F6 /* SDWebImageCompat.m in Sources */,
				A72728461C11910900BF0BC0 /* MYPlatformAppDelegate.m in Sources */,
				A72727DA1C1128CD00BF0BC0 /* MASConstraint.m in Sources */,
				A76EE6EB1C0E9DED00CE53F6 /* SDWebImagePrefetcher.m in Sources */,
				A72727DE1C1128CD00BF0BC0 /* MASViewConstraint.m in Sources */,
				A76EE6F21C0E9DED00CE53F6 /* UIView+WebCacheOperation.m in Sources */,
				A76EE6EE1C0E9DED00CE53F6 /* UIImage+MultiFormat.m in Sources */,
				A72728421C11910900BF0BC0 /* MYGestureCodeView.m in Sources */,
				A72728401C11910900BF0BC0 /* AESCrypto.m in Sources */,
				A72722781C1A9EB2000A2D11 /* DownloadManagment.m in Sources */,
				A7EA40501BF46305009E07E6 /* ChatViewViewController.m in Sources */,
				A7EA401E1BF46059009E07E6 /* AppDelegate.m in Sources */,
				A72722771C1A9EB2000A2D11 /* DownloadingManagment.m in Sources */,
				A76EE6EC1C0E9DED00CE53F6 /* UIButton+WebCache.m in Sources */,
				A76EE6BF1C0E9CC600CE53F6 /* AdScollViewController.m in Sources */,
				A76EE6E51C0E9DED00CE53F6 /* SDImageCache.m in Sources */,
				A72722761C1A9EB2000A2D11 /* Download.m in Sources */,
				A702732E1C336A7E0076D4C7 /* CTDisplayView.m in Sources */,
				A70CF2251C21057800B04309 /* CommonFun.m in Sources */,
				A72727DD1C1128CD00BF0BC0 /* MASViewAttribute.m in Sources */,
				A72728451C11910900BF0BC0 /* MYPlatformAPI.m in Sources */,
				A72727DC1C1128CD00BF0BC0 /* MASLayoutConstraint.m in Sources */,
				A7EA401B1BF46059009E07E6 /* main.m in Sources */,
				A7EA40761BF48186009E07E6 /* LineChartView.m in Sources */,
				A72727D91C1128CD00BF0BC0 /* MASCompositeConstraint.m in Sources */,
				A7167BC81C31337900330C44 /* TimerTableViewController.m in Sources */,
				A7E474FB1BF5801F00C88A3F /* ChartViewDataSource.m in Sources */,
				A7E3BF9F1C35266500279758 /* RunTimeMessageViewController.m in Sources */,
				A76EE6ED1C0E9DED00CE53F6 /* UIImage+GIF.m in Sources */,
				A7E3BFA61C35269B00279758 /* DisplayView2.m in Sources */,
				A727227B1C1A9EB2000A2D11 /* SqliteManager.m in Sources */,
				A76EE6E41C0E9DED00CE53F6 /* NSData+ImageContentType.m in Sources */,
				A76EE6EF1C0E9DED00CE53F6 /* UIImage+WebP.m in Sources */,
				A70AF0F81C43A73E00AAC29B /* BlurImageViewController.m in Sources */,
			);
			runOnlyForDeploymentPostprocessing = 0;
		};
		A7EA402B1BF46059009E07E6 /* Sources */ = {
			isa = PBXSourcesBuildPhase;
			buildActionMask = 2147483647;
			files = (
				A7EA40341BF46059009E07E6 /* DemoListTests.m in Sources */,
			);
			runOnlyForDeploymentPostprocessing = 0;
		};
		A7EA40361BF46059009E07E6 /* Sources */ = {
			isa = PBXSourcesBuildPhase;
			buildActionMask = 2147483647;
			files = (
				A7EA403F1BF46059009E07E6 /* DemoListUITests.m in Sources */,
			);
			runOnlyForDeploymentPostprocessing = 0;
		};
/* End PBXSourcesBuildPhase section */

/* Begin PBXTargetDependency section */
		A7EA40311BF46059009E07E6 /* PBXTargetDependency */ = {
			isa = PBXTargetDependency;
			target = A7EA40151BF46058009E07E6 /* DemoList */;
			targetProxy = A7EA40301BF46059009E07E6 /* PBXContainerItemProxy */;
		};
		A7EA403C1BF46059009E07E6 /* PBXTargetDependency */ = {
			isa = PBXTargetDependency;
			target = A7EA40151BF46058009E07E6 /* DemoList */;
			targetProxy = A7EA403B1BF46059009E07E6 /* PBXContainerItemProxy */;
		};
/* End PBXTargetDependency section */

/* Begin XCBuildConfiguration section */
		A7EA40411BF46059009E07E6 /* Debug */ = {
			isa = XCBuildConfiguration;
			buildSettings = {
				ALWAYS_SEARCH_USER_PATHS = NO;
				CLANG_CXX_LANGUAGE_STANDARD = "gnu++0x";
				CLANG_CXX_LIBRARY = "libc++";
				CLANG_ENABLE_MODULES = YES;
				CLANG_ENABLE_OBJC_ARC = YES;
				CLANG_WARN_BOOL_CONVERSION = YES;
				CLANG_WARN_CONSTANT_CONVERSION = YES;
				CLANG_WARN_DIRECT_OBJC_ISA_USAGE = YES_ERROR;
				CLANG_WARN_EMPTY_BODY = YES;
				CLANG_WARN_ENUM_CONVERSION = YES;
				CLANG_WARN_INT_CONVERSION = YES;
				CLANG_WARN_OBJC_ROOT_CLASS = YES_ERROR;
				CLANG_WARN_UNREACHABLE_CODE = YES;
				CLANG_WARN__DUPLICATE_METHOD_MATCH = YES;
				CODE_SIGN_IDENTITY = "iPhone Developer: yan luo (Y7FBKJH7F9)";
				"CODE_SIGN_IDENTITY[sdk=iphoneos*]" = "iPhone Developer: yan luo (Y7FBKJH7F9)";
				COPY_PHASE_STRIP = NO;
				DEBUG_INFORMATION_FORMAT = dwarf;
				ENABLE_STRICT_OBJC_MSGSEND = YES;
				ENABLE_TESTABILITY = YES;
				GCC_C_LANGUAGE_STANDARD = gnu99;
				GCC_DYNAMIC_NO_PIC = NO;
				GCC_NO_COMMON_BLOCKS = YES;
				GCC_OPTIMIZATION_LEVEL = 0;
				GCC_PREPROCESSOR_DEFINITIONS = (
					"DEBUG=1",
					"$(inherited)",
				);
				GCC_WARN_64_TO_32_BIT_CONVERSION = YES;
				GCC_WARN_ABOUT_RETURN_TYPE = YES_ERROR;
				GCC_WARN_UNDECLARED_SELECTOR = YES;
				GCC_WARN_UNINITIALIZED_AUTOS = YES_AGGRESSIVE;
				GCC_WARN_UNUSED_FUNCTION = YES;
				GCC_WARN_UNUSED_VARIABLE = YES;
				IPHONEOS_DEPLOYMENT_TARGET = 7.0;
				MTL_ENABLE_DEBUG_INFO = YES;
				ONLY_ACTIVE_ARCH = YES;
				PROVISIONING_PROFILE = "7d35bf9e-cbc2-4e4b-9744-fa7bf90c3240";
				SDKROOT = iphoneos;
			};
			name = Debug;
		};
		A7EA40421BF46059009E07E6 /* Release */ = {
			isa = XCBuildConfiguration;
			buildSettings = {
				ALWAYS_SEARCH_USER_PATHS = NO;
				CLANG_CXX_LANGUAGE_STANDARD = "gnu++0x";
				CLANG_CXX_LIBRARY = "libc++";
				CLANG_ENABLE_MODULES = YES;
				CLANG_ENABLE_OBJC_ARC = YES;
				CLANG_WARN_BOOL_CONVERSION = YES;
				CLANG_WARN_CONSTANT_CONVERSION = YES;
				CLANG_WARN_DIRECT_OBJC_ISA_USAGE = YES_ERROR;
				CLANG_WARN_EMPTY_BODY = YES;
				CLANG_WARN_ENUM_CONVERSION = YES;
				CLANG_WARN_INT_CONVERSION = YES;
				CLANG_WARN_OBJC_ROOT_CLASS = YES_ERROR;
				CLANG_WARN_UNREACHABLE_CODE = YES;
				CLANG_WARN__DUPLICATE_METHOD_MATCH = YES;
				CODE_SIGN_IDENTITY = "iPhone Developer: yan luo (Y7FBKJH7F9)";
				"CODE_SIGN_IDENTITY[sdk=iphoneos*]" = "iPhone Developer: yan luo (Y7FBKJH7F9)";
				COPY_PHASE_STRIP = NO;
				DEBUG_INFORMATION_FORMAT = "dwarf-with-dsym";
				ENABLE_NS_ASSERTIONS = NO;
				ENABLE_STRICT_OBJC_MSGSEND = YES;
				GCC_C_LANGUAGE_STANDARD = gnu99;
				GCC_NO_COMMON_BLOCKS = YES;
				GCC_WARN_64_TO_32_BIT_CONVERSION = YES;
				GCC_WARN_ABOUT_RETURN_TYPE = YES_ERROR;
				GCC_WARN_UNDECLARED_SELECTOR = YES;
				GCC_WARN_UNINITIALIZED_AUTOS = YES_AGGRESSIVE;
				GCC_WARN_UNUSED_FUNCTION = YES;
				GCC_WARN_UNUSED_VARIABLE = YES;
				IPHONEOS_DEPLOYMENT_TARGET = 7.0;
				MTL_ENABLE_DEBUG_INFO = NO;
				PROVISIONING_PROFILE = "7d35bf9e-cbc2-4e4b-9744-fa7bf90c3240";
				SDKROOT = iphoneos;
				VALIDATE_PRODUCT = YES;
			};
			name = Release;
		};
		A7EA40441BF46059009E07E6 /* Debug */ = {
			isa = XCBuildConfiguration;
			buildSettings = {
				ASSETCATALOG_COMPILER_APPICON_NAME = AppIcon;
				ASSETCATALOG_COMPILER_LAUNCHIMAGE_NAME = LaunchImage;
				CODE_SIGN_IDENTITY = "iPhone Developer: yan luo (Y7FBKJH7F9)";
				"CODE_SIGN_IDENTITY[sdk=iphoneos*]" = "iPhone Developer: yan luo (Y7FBKJH7F9)";
				GCC_PREFIX_HEADER = "$(SRCROOT)/DemoList/pchFile.pch";
				INFOPLIST_FILE = DemoList/Info.plist;
				LD_RUNPATH_SEARCH_PATHS = "$(inherited) @executable_path/Frameworks";
				PRODUCT_BUNDLE_IDENTIFIER = com.LYSoft.DemoList;
				PRODUCT_NAME = "$(TARGET_NAME)";
				PROVISIONING_PROFILE = "fc3e181d-041a-46fe-b3bf-3008f81c4213";
				TARGETED_DEVICE_FAMILY = "1,2";
			};
			name = Debug;
		};
		A7EA40451BF46059009E07E6 /* Release */ = {
			isa = XCBuildConfiguration;
			buildSettings = {
				ASSETCATALOG_COMPILER_APPICON_NAME = AppIcon;
				ASSETCATALOG_COMPILER_LAUNCHIMAGE_NAME = LaunchImage;
				CODE_SIGN_IDENTITY = "iPhone Developer: yan luo (Y7FBKJH7F9)";
				"CODE_SIGN_IDENTITY[sdk=iphoneos*]" = "iPhone Developer: yan luo (Y7FBKJH7F9)";
				GCC_PREFIX_HEADER = "$(SRCROOT)/DemoList/pchFile.pch";
				INFOPLIST_FILE = DemoList/Info.plist;
				LD_RUNPATH_SEARCH_PATHS = "$(inherited) @executable_path/Frameworks";
				PRODUCT_BUNDLE_IDENTIFIER = com.LYSoft.DemoList;
				PRODUCT_NAME = "$(TARGET_NAME)";
				PROVISIONING_PROFILE = "fc3e181d-041a-46fe-b3bf-3008f81c4213";
				TARGETED_DEVICE_FAMILY = "1,2";
			};
			name = Release;
		};
		A7EA40471BF46059009E07E6 /* Debug */ = {
			isa = XCBuildConfiguration;
			buildSettings = {
				BUNDLE_LOADER = "$(TEST_HOST)";
				INFOPLIST_FILE = DemoListTests/Info.plist;
				LD_RUNPATH_SEARCH_PATHS = "$(inherited) @executable_path/Frameworks @loader_path/Frameworks";
				PRODUCT_BUNDLE_IDENTIFIER = LySoft.DemoListTests;
				PRODUCT_NAME = "$(TARGET_NAME)";
				TEST_HOST = "$(BUILT_PRODUCTS_DIR)/DemoList.app/DemoList";
			};
			name = Debug;
		};
		A7EA40481BF46059009E07E6 /* Release */ = {
			isa = XCBuildConfiguration;
			buildSettings = {
				BUNDLE_LOADER = "$(TEST_HOST)";
				INFOPLIST_FILE = DemoListTests/Info.plist;
				LD_RUNPATH_SEARCH_PATHS = "$(inherited) @executable_path/Frameworks @loader_path/Frameworks";
				PRODUCT_BUNDLE_IDENTIFIER = LySoft.DemoListTests;
				PRODUCT_NAME = "$(TARGET_NAME)";
				TEST_HOST = "$(BUILT_PRODUCTS_DIR)/DemoList.app/DemoList";
			};
			name = Release;
		};
		A7EA404A1BF46059009E07E6 /* Debug */ = {
			isa = XCBuildConfiguration;
			buildSettings = {
				INFOPLIST_FILE = DemoListUITests/Info.plist;
				LD_RUNPATH_SEARCH_PATHS = "$(inherited) @executable_path/Frameworks @loader_path/Frameworks";
				PRODUCT_BUNDLE_IDENTIFIER = LySoft.DemoListUITests;
				PRODUCT_NAME = "$(TARGET_NAME)";
				TEST_TARGET_NAME = DemoList;
				USES_XCTRUNNER = YES;
			};
			name = Debug;
		};
		A7EA404B1BF46059009E07E6 /* Release */ = {
			isa = XCBuildConfiguration;
			buildSettings = {
				INFOPLIST_FILE = DemoListUITests/Info.plist;
				LD_RUNPATH_SEARCH_PATHS = "$(inherited) @executable_path/Frameworks @loader_path/Frameworks";
				PRODUCT_BUNDLE_IDENTIFIER = LySoft.DemoListUITests;
				PRODUCT_NAME = "$(TARGET_NAME)";
				TEST_TARGET_NAME = DemoList;
				USES_XCTRUNNER = YES;
			};
			name = Release;
		};
/* End XCBuildConfiguration section */

/* Begin XCConfigurationList section */
		A7EA40111BF46058009E07E6 /* Build configuration list for PBXProject "DemoList" */ = {
			isa = XCConfigurationList;
			buildConfigurations = (
				A7EA40411BF46059009E07E6 /* Debug */,
				A7EA40421BF46059009E07E6 /* Release */,
			);
			defaultConfigurationIsVisible = 0;
			defaultConfigurationName = Release;
		};
		A7EA40431BF46059009E07E6 /* Build configuration list for PBXNativeTarget "DemoList" */ = {
			isa = XCConfigurationList;
			buildConfigurations = (
				A7EA40441BF46059009E07E6 /* Debug */,
				A7EA40451BF46059009E07E6 /* Release */,
			);
			defaultConfigurationIsVisible = 0;
			defaultConfigurationName = Release;
		};
		A7EA40461BF46059009E07E6 /* Build configuration list for PBXNativeTarget "DemoListTests" */ = {
			isa = XCConfigurationList;
			buildConfigurations = (
				A7EA40471BF46059009E07E6 /* Debug */,
				A7EA40481BF46059009E07E6 /* Release */,
			);
			defaultConfigurationIsVisible = 0;
			defaultConfigurationName = Release;
		};
		A7EA40491BF46059009E07E6 /* Build configuration list for PBXNativeTarget "DemoListUITests" */ = {
			isa = XCConfigurationList;
			buildConfigurations = (
				A7EA404A1BF46059009E07E6 /* Debug */,
				A7EA404B1BF46059009E07E6 /* Release */,
			);
			defaultConfigurationIsVisible = 0;
			defaultConfigurationName = Release;
		};
/* End XCConfigurationList section */
	};
	rootObject = A7EA400E1BF46058009E07E6 /* Project object */;
}
